// !$*UTF8*$!
{
	archiveVersion = 1;
	classes = {
	};
	objectVersion = 55;
	objects = {

/* Begin PBXBuildFile section */
		63578A2A27EB97510069AA0D /* MyCardAppApp.swift in Sources */ = {isa = PBXBuildFile; fileRef = 63578A2927EB97510069AA0D /* MyCardAppApp.swift */; };
		63578A2C27EB97510069AA0D /* ContentView.swift in Sources */ = {isa = PBXBuildFile; fileRef = 63578A2B27EB97510069AA0D /* ContentView.swift */; };
		63578A2E27EB97530069AA0D /* Assets.xcassets in Resources */ = {isa = PBXBuildFile; fileRef = 63578A2D27EB97530069AA0D /* Assets.xcassets */; };
		63578A3127EB97530069AA0D /* Preview Assets.xcassets in Resources */ = {isa = PBXBuildFile; fileRef = 63578A3027EB97530069AA0D /* Preview Assets.xcassets */; };
		63578A3B27EB97530069AA0D /* MyCardAppTests.swift in Sources */ = {isa = PBXBuildFile; fileRef = 63578A3A27EB97530069AA0D /* MyCardAppTests.swift */; };
		63578A4527EB97530069AA0D /* MyCardAppUITests.swift in Sources */ = {isa = PBXBuildFile; fileRef = 63578A4427EB97530069AA0D /* MyCardAppUITests.swift */; };
		63578A4727EB97540069AA0D /* MyCardAppUITestsLaunchTests.swift in Sources */ = {isa = PBXBuildFile; fileRef = 63578A4627EB97540069AA0D /* MyCardAppUITestsLaunchTests.swift */; };
/* End PBXBuildFile section */

/* Begin PBXContainerItemProxy section */
		63578A3727EB97530069AA0D /* PBXContainerItemProxy */ = {
			isa = PBXContainerItemProxy;
			containerPortal = 63578A1E27EB97510069AA0D /* Project object */;
			proxyType = 1;
			remoteGlobalIDString = 63578A2527EB97510069AA0D;
			remoteInfo = MyCardApp;
		};
		63578A4127EB97530069AA0D /* PBXContainerItemProxy */ = {
			isa = PBXContainerItemProxy;
			containerPortal = 63578A1E27EB97510069AA0D /* Project object */;
			proxyType = 1;
			remoteGlobalIDString = 63578A2527EB97510069AA0D;
			remoteInfo = MyCardApp;
		};
/* End PBXContainerItemProxy section */

/* Begin PBXFileReference section */
		63578A2627EB97510069AA0D /* MyCardApp.app */ = {isa = PBXFileReference; explicitFileType = wrapper.application; includeInIndex = 0; path = MyCardApp.app; sourceTree = BUILT_PRODUCTS_DIR; };
		63578A2927EB97510069AA0D /* MyCardAppApp.swift */ = {isa = PBXFileReference; lastKnownFileType = sourcecode.swift; path = MyCardAppApp.swift; sourceTree = "<group>"; };
		63578A2B27EB97510069AA0D /* ContentView.swift */ = {isa = PBXFileReference; lastKnownFileType = sourcecode.swift; path = ContentView.swift; sourceTree = "<group>"; };
		63578A2D27EB97530069AA0D /* Assets.xcassets */ = {isa = PBXFileReference; lastKnownFileType = folder.assetcatalog; path = Assets.xcassets; sourceTree = "<group>"; };
		63578A3027EB97530069AA0D /* Preview Assets.xcassets */ = {isa = PBXFileReference; lastKnownFileType = folder.assetcatalog; path = "Preview Assets.xcassets"; sourceTree = "<group>"; };
		63578A3627EB97530069AA0D /* MyCardAppTests.xctest */ = {isa = PBXFileReference; explicitFileType = wrapper.cfbundle; includeInIndex = 0; path = MyCardAppTests.xctest; sourceTree = BUILT_PRODUCTS_DIR; };
		63578A3A27EB97530069AA0D /* MyCardAppTests.swift */ = {isa = PBXFileReference; lastKnownFileType = sourcecode.swift; path = MyCardAppTests.swift; sourceTree = "<group>"; };
		63578A4027EB97530069AA0D /* MyCardAppUITests.xctest */ = {isa = PBXFileReference; explicitFileType = wrapper.cfbundle; includeInIndex = 0; path = MyCardAppUITests.xctest; sourceTree = BUILT_PRODUCTS_DIR; };
		63578A4427EB97530069AA0D /* MyCardAppUITests.swift */ = {isa = PBXFileReference; lastKnownFileType = sourcecode.swift; path = MyCardAppUITests.swift; sourceTree = "<group>"; };
		63578A4627EB97540069AA0D /* MyCardAppUITestsLaunchTests.swift */ = {isa = PBXFileReference; lastKnownFileType = sourcecode.swift; path = MyCardAppUITestsLaunchTests.swift; sourceTree = "<group>"; };
/* End PBXFileReference section */

/* Begin PBXFrameworksBuildPhase section */
		63578A2327EB97510069AA0D /* Frameworks */ = {
			isa = PBXFrameworksBuildPhase;
			buildActionMask = 2147483647;
			files = (
			);
			runOnlyForDeploymentPostprocessing = 0;
		};
		63578A3327EB97530069AA0D /* Frameworks */ = {
			isa = PBXFrameworksBuildPhase;
			buildActionMask = 2147483647;
			files = (
			);
			runOnlyForDeploymentPostprocessing = 0;
		};
		63578A3D27EB97530069AA0D /* Frameworks */ = {
			isa = PBXFrameworksBuildPhase;
			buildActionMask = 2147483647;
			files = (
			);
			runOnlyForDeploymentPostprocessing = 0;
		};
/* End PBXFrameworksBuildPhase section */

/* Begin PBXGroup section */
		63578A1D27EB97510069AA0D = {
			isa = PBXGroup;
			children = (
				63578A2827EB97510069AA0D /* MyCardApp */,
				63578A3927EB97530069AA0D /* MyCardAppTests */,
				63578A4327EB97530069AA0D /* MyCardAppUITests */,
				63578A2727EB97510069AA0D /* Products */,
			);
			sourceTree = "<group>";
		};
		63578A2727EB97510069AA0D /* Products */ = {
			isa = PBXGroup;
			children = (
				63578A2627EB97510069AA0D /* MyCardApp.app */,
				63578A3627EB97530069AA0D /* MyCardAppTests.xctest */,
				63578A4027EB97530069AA0D /* MyCardAppUITests.xctest */,
			);
			name = Products;
			sourceTree = "<group>";
		};
		63578A2827EB97510069AA0D /* MyCardApp */ = {
			isa = PBXGroup;
			children = (
				63578A2927EB97510069AA0D /* MyCardAppApp.swift */,
				63578A2B27EB97510069AA0D /* ContentView.swift */,
				63578A2D27EB97530069AA0D /* Assets.xcassets */,
				63578A2F27EB97530069AA0D /* Preview Content */,
			);
			path = MyCardApp;
			sourceTree = "<group>";
		};
		63578A2F27EB97530069AA0D /* Preview Content */ = {
			isa = PBXGroup;
			children = (
				63578A3027EB97530069AA0D /* Preview Assets.xcassets */,
			);
			path = "Preview Content";
			sourceTree = "<group>";
		};
		63578A3927EB97530069AA0D /* MyCardAppTests */ = {
			isa = PBXGroup;
			children = (
				63578A3A27EB97530069AA0D /* MyCardAppTests.swift */,
			);
			path = MyCardAppTests;
			sourceTree = "<group>";
		};
		63578A4327EB97530069AA0D /* MyCardAppUITests */ = {
			isa = PBXGroup;
			children = (
				63578A4427EB97530069AA0D /* MyCardAppUITests.swift */,
				63578A4627EB97540069AA0D /* MyCardAppUITestsLaunchTests.swift */,
			);
			path = MyCardAppUITests;
			sourceTree = "<group>";
		};
/* End PBXGroup section */

/* Begin PBXNativeTarget section */
		63578A2527EB97510069AA0D /* MyCardApp */ = {
			isa = PBXNativeTarget;
			buildConfigurationList = 63578A4A27EB97540069AA0D /* Build configuration list for PBXNativeTarget "MyCardApp" */;
			buildPhases = (
				63578A2227EB97510069AA0D /* Sources */,
				63578A2327EB97510069AA0D /* Frameworks */,
				63578A2427EB97510069AA0D /* Resources */,
			);
			buildRules = (
			);
			dependencies = (
			);
			name = MyCardApp;
			productName = MyCardApp;
			productReference = 63578A2627EB97510069AA0D /* MyCardApp.app */;
			productType = "com.apple.product-type.application";
		};
		63578A3527EB97530069AA0D /* MyCardAppTests */ = {
			isa = PBXNativeTarget;
			buildConfigurationList = 63578A4D27EB97540069AA0D /* Build configuration list for PBXNativeTarget "MyCardAppTests" */;
			buildPhases = (
				63578A3227EB97530069AA0D /* Sources */,
				63578A3327EB97530069AA0D /* Frameworks */,
				63578A3427EB97530069AA0D /* Resources */,
			);
			buildRules = (
			);
			dependencies = (
				63578A3827EB97530069AA0D /* PBXTargetDependency */,
			);
			name = MyCardAppTests;
			productName = MyCardAppTests;
			productReference = 63578A3627EB97530069AA0D /* MyCardAppTests.xctest */;
			productType = "com.apple.product-type.bundle.unit-test";
		};
		63578A3F27EB97530069AA0D /* MyCardAppUITests */ = {
			isa = PBXNativeTarget;
			buildConfigurationList = 63578A5027EB97540069AA0D /* Build configuration list for PBXNativeTarget "MyCardAppUITests" */;
			buildPhases = (
				63578A3C27EB97530069AA0D /* Sources */,
				63578A3D27EB97530069AA0D /* Frameworks */,
				63578A3E27EB97530069AA0D /* Resources */,
			);
			buildRules = (
			);
			dependencies = (
				63578A4227EB97530069AA0D /* PBXTargetDependency */,
			);
			name = MyCardAppUITests;
			productName = MyCardAppUITests;
			productReference = 63578A4027EB97530069AA0D /* MyCardAppUITests.xctest */;
			productType = "com.apple.product-type.bundle.ui-testing";
		};
/* End PBXNativeTarget section */

/* Begin PBXProject section */
		63578A1E27EB97510069AA0D /* Project object */ = {
			isa = PBXProject;
			attributes = {
				BuildIndependentTargetsInParallel = 1;
				LastSwiftUpdateCheck = 1330;
				LastUpgradeCheck = 1330;
				TargetAttributes = {
					63578A2527EB97510069AA0D = {
						CreatedOnToolsVersion = 13.3;
					};
					63578A3527EB97530069AA0D = {
						CreatedOnToolsVersion = 13.3;
						TestTargetID = 63578A2527EB97510069AA0D;
					};
					63578A3F27EB97530069AA0D = {
						CreatedOnToolsVersion = 13.3;
						TestTargetID = 63578A2527EB97510069AA0D;
					};
				};
			};
			buildConfigurationList = 63578A2127EB97510069AA0D /* Build configuration list for PBXProject "MyCardApp" */;
			compatibilityVersion = "Xcode 13.0";
			developmentRegion = en;
			hasScannedForEncodings = 0;
			knownRegions = (
				en,
				Base,
			);
			mainGroup = 63578A1D27EB97510069AA0D;
			productRefGroup = 63578A2727EB97510069AA0D /* Products */;
			projectDirPath = "";
			projectRoot = "";
			targets = (
				63578A2527EB97510069AA0D /* MyCardApp */,
				63578A3527EB97530069AA0D /* MyCardAppTests */,
				63578A3F27EB97530069AA0D /* MyCardAppUITests */,
			);
		};
/* End PBXProject section */

/* Begin PBXResourcesBuildPhase section */
		63578A2427EB97510069AA0D /* Resources */ = {
			isa = PBXResourcesBuildPhase;
			buildActionMask = 2147483647;
			files = (
				63578A3127EB97530069AA0D /* Preview Assets.xcassets in Resources */,
				63578A2E27EB97530069AA0D /* Assets.xcassets in Resources */,
			);
			runOnlyForDeploymentPostprocessing = 0;
		};
		63578A3427EB97530069AA0D /* Resources */ = {
			isa = PBXResourcesBuildPhase;
			buildActionMask = 2147483647;
			files = (
			);
			runOnlyForDeploymentPostprocessing = 0;
		};
		63578A3E27EB97530069AA0D /* Resources */ = {
			isa = PBXResourcesBuildPhase;
			buildActionMask = 2147483647;
			files = (
			);
			runOnlyForDeploymentPostprocessing = 0;
		};
/* End PBXResourcesBuildPhase section */

/* Begin PBXSourcesBuildPhase section */
		63578A2227EB97510069AA0D /* Sources */ = {
			isa = PBXSourcesBuildPhase;
			buildActionMask = 2147483647;
			files = (
				63578A2C27EB97510069AA0D /* ContentView.swift in Sources */,
				63578A2A27EB97510069AA0D /* MyCardAppApp.swift in Sources */,
			);
			runOnlyForDeploymentPostprocessing = 0;
		};
		63578A3227EB97530069AA0D /* Sources */ = {
			isa = PBXSourcesBuildPhase;
			buildActionMask = 2147483647;
			files = (
				63578A3B27EB97530069AA0D /* MyCardAppTests.swift in Sources */,
			);
			runOnlyForDeploymentPostprocessing = 0;
		};
		63578A3C27EB97530069AA0D /* Sources */ = {
			isa = PBXSourcesBuildPhase;
			buildActionMask = 2147483647;
			files = (
				63578A4727EB97540069AA0D /* MyCardAppUITestsLaunchTests.swift in Sources */,
				63578A4527EB97530069AA0D /* MyCardAppUITests.swift in Sources */,
			);
			runOnlyForDeploymentPostprocessing = 0;
		};
/* End PBXSourcesBuildPhase section */

/* Begin PBXTargetDependency section */
		63578A3827EB97530069AA0D /* PBXTargetDependency */ = {
			isa = PBXTargetDependency;
			target = 63578A2527EB97510069AA0D /* MyCardApp */;
			targetProxy = 63578A3727EB97530069AA0D /* PBXContainerItemProxy */;
		};
		63578A4227EB97530069AA0D /* PBXTargetDependency */ = {
			isa = PBXTargetDependency;
			target = 63578A2527EB97510069AA0D /* MyCardApp */;
			targetProxy = 63578A4127EB97530069AA0D /* PBXContainerItemProxy */;
		};
/* End PBXTargetDependency section */

/* Begin XCBuildConfiguration section */
		63578A4827EB97540069AA0D /* Debug */ = {
			isa = XCBuildConfiguration;
			buildSettings = {
				ALWAYS_SEARCH_USER_PATHS = NO;
				CLANG_ANALYZER_NONNULL = YES;
				CLANG_ANALYZER_NUMBER_OBJECT_CONVERSION = YES_AGGRESSIVE;
				CLANG_CXX_LANGUAGE_STANDARD = "gnu++17";
				CLANG_ENABLE_MODULES = YES;
				CLANG_ENABLE_OBJC_ARC = YES;
				CLANG_ENABLE_OBJC_WEAK = YES;
				CLANG_WARN_BLOCK_CAPTURE_AUTORELEASING = YES;
				CLANG_WARN_BOOL_CONVERSION = YES;
				CLANG_WARN_COMMA = YES;
				CLANG_WARN_CONSTANT_CONVERSION = YES;
				CLANG_WARN_DEPRECATED_OBJC_IMPLEMENTATIONS = YES;
				CLANG_WARN_DIRECT_OBJC_ISA_USAGE = YES_ERROR;
				CLANG_WARN_DOCUMENTATION_COMMENTS = YES;
				CLANG_WARN_EMPTY_BODY = YES;
				CLANG_WARN_ENUM_CONVERSION = YES;
				CLANG_WARN_INFINITE_RECURSION = YES;
				CLANG_WARN_INT_CONVERSION = YES;
				CLANG_WARN_NON_LITERAL_NULL_CONVERSION = YES;
				CLANG_WARN_OBJC_IMPLICIT_RETAIN_SELF = YES;
				CLANG_WARN_OBJC_LITERAL_CONVERSION = YES;
				CLANG_WARN_OBJC_ROOT_CLASS = YES_ERROR;
				CLANG_WARN_QUOTED_INCLUDE_IN_FRAMEWORK_HEADER = YES;
				CLANG_WARN_RANGE_LOOP_ANALYSIS = YES;
				CLANG_WARN_STRICT_PROTOTYPES = YES;
				CLANG_WARN_SUSPICIOUS_MOVE = YES;
				CLANG_WARN_UNGUARDED_AVAILABILITY = YES_AGGRESSIVE;
				CLANG_WARN_UNREACHABLE_CODE = YES;
				CLANG_WARN__DUPLICATE_METHOD_MATCH = YES;
				COPY_PHASE_STRIP = NO;
				DEBUG_INFORMATION_FORMAT = dwarf;
				ENABLE_STRICT_OBJC_MSGSEND = YES;
				ENABLE_TESTABILITY = YES;
				GCC_C_LANGUAGE_STANDARD = gnu11;
				GCC_DYNAMIC_NO_PIC = NO;
				GCC_NO_COMMON_BLOCKS = YES;
				GCC_OPTIMIZATION_LEVEL = 0;
				GCC_PREPROCESSOR_DEFINITIONS = (
					"DEBUG=1",
					"$(inherited)",
				);
				GCC_WARN_64_TO_32_BIT_CONVERSION = YES;
				GCC_WARN_ABOUT_RETURN_TYPE = YES_ERROR;
				GCC_WARN_UNDECLARED_SELECTOR = YES;
				GCC_WARN_UNINITIALIZED_AUTOS = YES_AGGRESSIVE;
				GCC_WARN_UNUSED_FUNCTION = YES;
				GCC_WARN_UNUSED_VARIABLE = YES;
				IPHONEOS_DEPLOYMENT_TARGET = 15.4;
				MTL_ENABLE_DEBUG_INFO = INCLUDE_SOURCE;
				MTL_FAST_MATH = YES;
				ONLY_ACTIVE_ARCH = YES;
				SDKROOT = iphoneos;
				SWIFT_ACTIVE_COMPILATION_CONDITIONS = DEBUG;
				SWIFT_OPTIMIZATION_LEVEL = "-Onone";
			};
			name = Debug;
		};
		63578A4927EB97540069AA0D /* Release */ = {
			isa = XCBuildConfiguration;
			buildSettings = {
				ALWAYS_SEARCH_USER_PATHS = NO;
				CLANG_ANALYZER_NONNULL = YES;
				CLANG_ANALYZER_NUMBER_OBJECT_CONVERSION = YES_AGGRESSIVE;
				CLANG_CXX_LANGUAGE_STANDARD = "gnu++17";
				CLANG_ENABLE_MODULES = YES;
				CLANG_ENABLE_OBJC_ARC = YES;
				CLANG_ENABLE_OBJC_WEAK = YES;
				CLANG_WARN_BLOCK_CAPTURE_AUTORELEASING = YES;
				CLANG_WARN_BOOL_CONVERSION = YES;
				CLANG_WARN_COMMA = YES;
				CLANG_WARN_CONSTANT_CONVERSION = YES;
				CLANG_WARN_DEPRECATED_OBJC_IMPLEMENTATIONS = YES;
				CLANG_WARN_DIRECT_OBJC_ISA_USAGE = YES_ERROR;
				CLANG_WARN_DOCUMENTATION_COMMENTS = YES;
				CLANG_WARN_EMPTY_BODY = YES;
				CLANG_WARN_ENUM_CONVERSION = YES;
				CLANG_WARN_INFINITE_RECURSION = YES;
				CLANG_WARN_INT_CONVERSION = YES;
				CLANG_WARN_NON_LITERAL_NULL_CONVERSION = YES;
				CLANG_WARN_OBJC_IMPLICIT_RETAIN_SELF = YES;
				CLANG_WARN_OBJC_LITERAL_CONVERSION = YES;
				CLANG_WARN_OBJC_ROOT_CLASS = YES_ERROR;
				CLANG_WARN_QUOTED_INCLUDE_IN_FRAMEWORK_HEADER = YES;
				CLANG_WARN_RANGE_LOOP_ANALYSIS = YES;
				CLANG_WARN_STRICT_PROTOTYPES = YES;
				CLANG_WARN_SUSPICIOUS_MOVE = YES;
				CLANG_WARN_UNGUARDED_AVAILABILITY = YES_AGGRESSIVE;
				CLANG_WARN_UNREACHABLE_CODE = YES;
				CLANG_WARN__DUPLICATE_METHOD_MATCH = YES;
				COPY_PHASE_STRIP = NO;
				DEBUG_INFORMATION_FORMAT = "dwarf-with-dsym";
				ENABLE_NS_ASSERTIONS = NO;
				ENABLE_STRICT_OBJC_MSGSEND = YES;
				GCC_C_LANGUAGE_STANDARD = gnu11;
				GCC_NO_COMMON_BLOCKS = YES;
				GCC_WARN_64_TO_32_BIT_CONVERSION = YES;
				GCC_WARN_ABOUT_RETURN_TYPE = YES_ERROR;
				GCC_WARN_UNDECLARED_SELECTOR = YES;
				GCC_WARN_UNINITIALIZED_AUTOS = YES_AGGRESSIVE;
				GCC_WARN_UNUSED_FUNCTION = YES;
				GCC_WARN_UNUSED_VARIABLE = YES;
				IPHONEOS_DEPLOYMENT_TARGET = 15.4;
				MTL_ENABLE_DEBUG_INFO = NO;
				MTL_FAST_MATH = YES;
				SDKROOT = iphoneos;
				SWIFT_COMPILATION_MODE = wholemodule;
				SWIFT_OPTIMIZATION_LEVEL = "-O";
				VALIDATE_PRODUCT = YES;
			};
			name = Release;
		};
		63578A4B27EB97540069AA0D /* Debug */ = {
			isa = XCBuildConfiguration;
			buildSettings = {
				ASSETCATALOG_COMPILER_APPICON_NAME = AppIcon;
				ASSETCATALOG_COMPILER_GLOBAL_ACCENT_COLOR_NAME = AccentColor;
				CODE_SIGN_STYLE = Automatic;
				CURRENT_PROJECT_VERSION = 1;
				DEVELOPMENT_ASSET_PATHS = "\"MyCardApp/Preview Content\"";
				DEVELOPMENT_TEAM = T74HR6T3C3;
				ENABLE_PREVIEWS = YES;
				GENERATE_INFOPLIST_FILE = YES;
				INFOPLIST_KEY_UIApplicationSceneManifest_Generation = YES;
				INFOPLIST_KEY_UIApplicationSupportsIndirectInputEvents = YES;
				INFOPLIST_KEY_UILaunchScreen_Generation = YES;
				INFOPLIST_KEY_UISupportedInterfaceOrientations_iPad = "UIInterfaceOrientationPortrait UIInterfaceOrientationPortraitUpsideDown UIInterfaceOrientationLandscapeLeft UIInterfaceOrientationLandscapeRight";
				INFOPLIST_KEY_UISupportedInterfaceOrientations_iPhone = "UIInterfaceOrientationPortrait UIInterfaceOrientationLandscapeLeft UIInterfaceOrientationLandscapeRight";
				LD_RUNPATH_SEARCH_PATHS = (
					"$(inherited)",
					"@executable_path/Frameworks",
				);
				MARKETING_VERSION = 1.0;
				PRODUCT_BUNDLE_IDENTIFIER = Anna.MyCardApp;
				PRODUCT_NAME = "$(TARGET_NAME)";
				SWIFT_EMIT_LOC_STRINGS = YES;
				SWIFT_VERSION = 5.0;
				TARGETED_DEVICE_FAMILY = "1,2";
			};
			name = Debug;
		};
		63578A4C27EB97540069AA0D /* Release */ = {
			isa = XCBuildConfiguration;
			buildSettings = {
				ASSETCATALOG_COMPILER_APPICON_NAME = AppIcon;
				ASSETCATALOG_COMPILER_GLOBAL_ACCENT_COLOR_NAME = AccentColor;
				CODE_SIGN_STYLE = Automatic;
				CURRENT_PROJECT_VERSION = 1;
				DEVELOPMENT_ASSET_PATHS = "\"MyCardApp/Preview Content\"";
				DEVELOPMENT_TEAM = T74HR6T3C3;
				ENABLE_PREVIEWS = YES;
				GENERATE_INFOPLIST_FILE = YES;
				INFOPLIST_KEY_UIApplicationSceneManifest_Generation = YES;
				INFOPLIST_KEY_UIApplicationSupportsIndirectInputEvents = YES;
				INFOPLIST_KEY_UILaunchScreen_Generation = YES;
				INFOPLIST_KEY_UISupportedInterfaceOrientations_iPad = "UIInterfaceOrientationPortrait UIInterfaceOrientationPortraitUpsideDown UIInterfaceOrientationLandscapeLeft UIInterfaceOrientationLandscapeRight";
				INFOPLIST_KEY_UISupportedInterfaceOrientations_iPhone = "UIInterfaceOrientationPortrait UIInterfaceOrientationLandscapeLeft UIInterfaceOrientationLandscapeRight";
				LD_RUNPATH_SEARCH_PATHS = (
					"$(inherited)",
					"@executable_path/Frameworks",
				);
				MARKETING_VERSION = 1.0;
				PRODUCT_BUNDLE_IDENTIFIER = Anna.MyCardApp;
				PRODUCT_NAME = "$(TARGET_NAME)";
				SWIFT_EMIT_LOC_STRINGS = YES;
				SWIFT_VERSION = 5.0;
				TARGETED_DEVICE_FAMILY = "1,2";
			};
			name = Release;
		};
		63578A4E27EB97540069AA0D /* Debug */ = {
			isa = XCBuildConfiguration;
			buildSettings = {
				ALWAYS_EMBED_SWIFT_STANDARD_LIBRARIES = YES;
				BUNDLE_LOADER = "$(TEST_HOST)";
				CODE_SIGN_STYLE = Automatic;
				CURRENT_PROJECT_VERSION = 1;
				DEVELOPMENT_TEAM = T74HR6T3C3;
				GENERATE_INFOPLIST_FILE = YES;
				IPHONEOS_DEPLOYMENT_TARGET = 15.4;
				MARKETING_VERSION = 1.0;
				PRODUCT_BUNDLE_IDENTIFIER = Anna.MyCardAppTests;
				PRODUCT_NAME = "$(TARGET_NAME)";
				SWIFT_EMIT_LOC_STRINGS = NO;
				SWIFT_VERSION = 5.0;
				TARGETED_DEVICE_FAMILY = "1,2";
				TEST_HOST = "$(BUILT_PRODUCTS_DIR)/MyCardApp.app/MyCardApp";
			};
			name = Debug;
		};
		63578A4F27EB97540069AA0D /* Release */ = {
			isa = XCBuildConfiguration;
			buildSettings = {
				ALWAYS_EMBED_SWIFT_STANDARD_LIBRARIES = YES;
				BUNDLE_LOADER = "$(TEST_HOST)";
				CODE_SIGN_STYLE = Automatic;
				CURRENT_PROJECT_VERSION = 1;
				DEVELOPMENT_TEAM = T74HR6T3C3;
				GENERATE_INFOPLIST_FILE = YES;
				IPHONEOS_DEPLOYMENT_TARGET = 15.4;
				MARKETING_VERSION = 1.0;
				PRODUCT_BUNDLE_IDENTIFIER = Anna.MyCardAppTests;
				PRODUCT_NAME = "$(TARGET_NAME)";
				SWIFT_EMIT_LOC_STRINGS = NO;
				SWIFT_VERSION = 5.0;
				TARGETED_DEVICE_FAMILY = "1,2";
				TEST_HOST = "$(BUILT_PRODUCTS_DIR)/MyCardApp.app/MyCardApp";
			};
			name = Release;
		};
		63578A5127EB97540069AA0D /* Debug */ = {
			isa = XCBuildConfiguration;
			buildSettings = {
				ALWAYS_EMBED_SWIFT_STANDARD_LIBRARIES = YES;
				CODE_SIGN_STYLE = Automatic;
				CURRENT_PROJECT_VERSION = 1;
				DEVELOPMENT_TEAM = T74HR6T3C3;
				GENERATE_INFOPLIST_FILE = YES;
				MARKETING_VERSION = 1.0;
				PRODUCT_BUNDLE_IDENTIFIER = Anna.MyCardAppUITests;
				PRODUCT_NAME = "$(TARGET_NAME)";
				SWIFT_EMIT_LOC_STRINGS = NO;
				SWIFT_VERSION = 5.0;
				TARGETED_DEVICE_FAMILY = "1,2";
				TEST_TARGET_NAME = MyCardApp;
			};
			name = Debug;
		};
		63578A5227EB97540069AA0D /* Release */ = {
			isa = XCBuildConfiguration;
			buildSettings = {
				ALWAYS_EMBED_SWIFT_STANDARD_LIBRARIES = YES;
				CODE_SIGN_STYLE = Automatic;
				CURRENT_PROJECT_VERSION = 1;
				DEVELOPMENT_TEAM = T74HR6T3C3;
				GENERATE_INFOPLIST_FILE = YES;
				MARKETING_VERSION = 1.0;
				PRODUCT_BUNDLE_IDENTIFIER = Anna.MyCardAppUITests;
				PRODUCT_NAME = "$(TARGET_NAME)";
				SWIFT_EMIT_LOC_STRINGS = NO;
				SWIFT_VERSION = 5.0;
				TARGETED_DEVICE_FAMILY = "1,2";
				TEST_TARGET_NAME = MyCardApp;
			};
			name = Release;
		};
/* End XCBuildConfiguration section */

/* Begin XCConfigurationList section */
		63578A2127EB97510069AA0D /* Build configuration list for PBXProject "MyCardApp" */ = {
			isa = XCConfigurationList;
			buildConfigurations = (
				63578A4827EB97540069AA0D /* Debug */,
				63578A4927EB97540069AA0D /* Release */,
			);
			defaultConfigurationIsVisible = 0;
			defaultConfigurationName = Release;
		};
		63578A4A27EB97540069AA0D /* Build configuration list for PBXNativeTarget "MyCardApp" */ = {
			isa = XCConfigurationList;
			buildConfigurations = (
				63578A4B27EB97540069AA0D /* Debug */,
				63578A4C27EB97540069AA0D /* Release */,
			);
			defaultConfigurationIsVisible = 0;
			defaultConfigurationName = Release;
		};
		63578A4D27EB97540069AA0D /* Build configuration list for PBXNativeTarget "MyCardAppTests" */ = {
			isa = XCConfigurationList;
			buildConfigurations = (
				63578A4E27EB97540069AA0D /* Debug */,
				63578A4F27EB97540069AA0D /* Release */,
			);
			defaultConfigurationIsVisible = 0;
			defaultConfigurationName = Release;
		};
		63578A5027EB97540069AA0D /* Build configuration list for PBXNativeTarget "MyCardAppUITests" */ = {
			isa = XCConfigurationList;
			buildConfigurations = (
				63578A5127EB97540069AA0D /* Debug */,
				63578A5227EB97540069AA0D /* Release */,
			);
			defaultConfigurationIsVisible = 0;
			defaultConfigurationName = Release;
		};
/* End XCConfigurationList section */
	};
	rootObject = 63578A1E27EB97510069AA0D /* Project object */;
}
